
Microsoft Visual Studio Solution File, Format Version 12.00
# Visual Studio 14
VisualStudioVersion = 14.0.25420.1
MinimumVisualStudioVersion = 10.0.40219.1
Project("{8BC9CEB8-8B4A-11D0-8D11-00A0C91BC942}") = "2025", "2025\2025.vcxproj", "{BEEDB076-6C95-46AD-945F-372628CCABDA}"
EndProject
Project("{8BC9CEB8-8B4A-11D0-8D11-00A0C91BC942}") = "1005", "1005\1005.vcxproj", "{36786913-B20B-4E39-9D45-603D88D8A08A}"
EndProject
Project("{8BC9CEB8-8B4A-11D0-8D11-00A0C91BC942}") = "1155", "1155\1155.vcxproj", "{804188AE-223D-4D4A-B96F-9400557DA941}"
EndProject
Project("{8BC9CEB8-8B4A-11D0-8D11-00A0C91BC942}") = "1296", "1296\1296.vcxproj", "{135DCE26-7629-4E05-A54C-C8AD1EDC8D51}"
EndProject
Project("{8BC9CEB8-8B4A-11D0-8D11-00A0C91BC942}") = "1401", "1401\1401.vcxproj", "{FD601521-2DF8-41D2-8483-E2CDB53AB87A}"
EndProject
Global
	GlobalSection(SolutionConfigurationPlatforms) = preSolution
		Debug|x64 = Debug|x64
		Debug|x86 = Debug|x86
		Release|x64 = Release|x64
		Release|x86 = Release|x86
	EndGlobalSection
	GlobalSection(ProjectConfigurationPlatforms) = postSolution
		{BEEDB076-6C95-46AD-945F-372628CCABDA}.Debug|x64.ActiveCfg = Debug|x64
		{BEEDB076-6C95-46AD-945F-372628CCABDA}.Debug|x64.Build.0 = Debug|x64
		{BEEDB076-6C95-46AD-945F-372628CCABDA}.Debug|x86.ActiveCfg = Debug|Win32
		{BEEDB076-6C95-46AD-945F-372628CCABDA}.Debug|x86.Build.0 = Debug|Win32
		{BEEDB076-6C95-46AD-945F-372628CCABDA}.Release|x64.ActiveCfg = Release|x64
		{BEEDB076-6C95-46AD-945F-372628CCABDA}.Release|x64.Build.0 = Release|x64
		{BEEDB076-6C95-46AD-945F-372628CCABDA}.Release|x86.ActiveCfg = Release|Win32
		{BEEDB076-6C95-46AD-945F-372628CCABDA}.Release|x86.Build.0 = Release|Win32
		{36786913-B20B-4E39-9D45-603D88D8A08A}.Debug|x64.ActiveCfg = Debug|x64
		{36786913-B20B-4E39-9D45-603D88D8A08A}.Debug|x64.Build.0 = Debug|x64
		{36786913-B20B-4E39-9D45-603D88D8A08A}.Debug|x86.ActiveCfg = Debug|Win32
		{36786913-B20B-4E39-9D45-603D88D8A08A}.Debug|x86.Build.0 = Debug|Win32
		{36786913-B20B-4E39-9D45-603D88D8A08A}.Release|x64.ActiveCfg = Release|x64
		{36786913-B20B-4E39-9D45-603D88D8A08A}.Release|x64.Build.0 = Release|x64
		{36786913-B20B-4E39-9D45-603D88D8A08A}.Release|x86.ActiveCfg = Release|Win32
		{36786913-B20B-4E39-9D45-603D88D8A08A}.Release|x86.Build.0 = Release|Win32
		{804188AE-223D-4D4A-B96F-9400557DA941}.Debug|x64.ActiveCfg = Debug|x64
		{804188AE-223D-4D4A-B96F-9400557DA941}.Debug|x64.Build.0 = Debug|x64
		{804188AE-223D-4D4A-B96F-9400557DA941}.Debug|x86.ActiveCfg = Debug|Win32
		{804188AE-223D-4D4A-B96F-9400557DA941}.Debug|x86.Build.0 = Debug|Win32
		{804188AE-223D-4D4A-B96F-9400557DA941}.Release|x64.ActiveCfg = Release|x64
		{804188AE-223D-4D4A-B96F-9400557DA941}.Release|x64.Build.0 = Release|x64
		{804188AE-223D-4D4A-B96F-9400557DA941}.Release|x86.ActiveCfg = Release|Win32
		{804188AE-223D-4D4A-B96F-9400557DA941}.Release|x86.Build.0 = Release|Win32
		{135DCE26-7629-4E05-A54C-C8AD1EDC8D51}.Debug|x64.ActiveCfg = Debug|x64
		{135DCE26-7629-4E05-A54C-C8AD1EDC8D51}.Debug|x64.Build.0 = Debug|x64
		{135DCE26-7629-4E05-A54C-C8AD1EDC8D51}.Debug|x86.ActiveCfg = Debug|Win32
		{135DCE26-7629-4E05-A54C-C8AD1EDC8D51}.Debug|x86.Build.0 = Debug|Win32
		{135DCE26-7629-4E05-A54C-C8AD1EDC8D51}.Release|x64.ActiveCfg = Release|x64
		{135DCE26-7629-4E05-A54C-C8AD1EDC8D51}.Release|x64.Build.0 = Release|x64
		{135DCE26-7629-4E05-A54C-C8AD1EDC8D51}.Release|x86.ActiveCfg = Release|Win32
		{135DCE26-7629-4E05-A54C-C8AD1EDC8D51}.Release|x86.Build.0 = Release|Win32
		{FD601521-2DF8-41D2-8483-E2CDB53AB87A}.Debug|x64.ActiveCfg = Debug|x64
		{FD601521-2DF8-41D2-8483-E2CDB53AB87A}.Debug|x64.Build.0 = Debug|x64
		{FD601521-2DF8-41D2-8483-E2CDB53AB87A}.Debug|x86.ActiveCfg = Debug|Win32
		{FD601521-2DF8-41D2-8483-E2CDB53AB87A}.Debug|x86.Build.0 = Debug|Win32
		{FD601521-2DF8-41D2-8483-E2CDB53AB87A}.Release|x64.ActiveCfg = Release|x64
		{FD601521-2DF8-41D2-8483-E2CDB53AB87A}.Release|x64.Build.0 = Release|x64
		{FD601521-2DF8-41D2-8483-E2CDB53AB87A}.Release|x86.ActiveCfg = Release|Win32
		{FD601521-2DF8-41D2-8483-E2CDB53AB87A}.Release|x86.Build.0 = Release|Win32
	EndGlobalSection
	GlobalSection(SolutionProperties) = preSolution
		HideSolutionNode = FALSE
	EndGlobalSection
EndGlobal
